// !$*UTF8*$!
{
	archiveVersion = 1;
	classes = {
	};
	objectVersion = 46;
	objects = {

/* Begin PBXBuildFile section */
		0F596D81166761330093DDE7 /* UIKit.framework in Frameworks */ = {isa = PBXBuildFile; fileRef = 0F596D80166761330093DDE7 /* UIKit.framework */; };
		0F596D83166761330093DDE7 /* Foundation.framework in Frameworks */ = {isa = PBXBuildFile; fileRef = 0F596D82166761330093DDE7 /* Foundation.framework */; };
		0F596D85166761330093DDE7 /* CoreGraphics.framework in Frameworks */ = {isa = PBXBuildFile; fileRef = 0F596D84166761330093DDE7 /* CoreGraphics.framework */; };
		0F596D8B166761330093DDE7 /* InfoPlist.strings in Resources */ = {isa = PBXBuildFile; fileRef = 0F596D89166761330093DDE7 /* InfoPlist.strings */; };
		0F596D8D166761330093DDE7 /* main.m in Sources */ = {isa = PBXBuildFile; fileRef = 0F596D8C166761330093DDE7 /* main.m */; };
		0F596D91166761330093DDE7 /* AppDelegate.m in Sources */ = {isa = PBXBuildFile; fileRef = 0F596D90166761330093DDE7 /* AppDelegate.m */; };
		0F596D93166761330093DDE7 /* Default.png in Resources */ = {isa = PBXBuildFile; fileRef = 0F596D92166761330093DDE7 /* Default.png */; };
		0F596D95166761330093DDE7 /* Default@2x.png in Resources */ = {isa = PBXBuildFile; fileRef = 0F596D94166761330093DDE7 /* Default@2x.png */; };
		0F596D97166761330093DDE7 /* Default-568h@2x.png in Resources */ = {isa = PBXBuildFile; fileRef = 0F596D96166761330093DDE7 /* Default-568h@2x.png */; };
/* End PBXBuildFile section */

/* Begin PBXFileReference section */
		0F596D7C166761330093DDE7 /* ll.app */ = {isa = PBXFileReference; explicitFileType = wrapper.application; includeInIndex = 0; path = ll.app; sourceTree = BUILT_PRODUCTS_DIR; };
		0F596D80166761330093DDE7 /* UIKit.framework */ = {isa = PBXFileReference; lastKnownFileType = wrapper.framework; name = UIKit.framework; path = System/Library/Frameworks/UIKit.framework; sourceTree = SDKROOT; };
		0F596D82166761330093DDE7 /* Foundation.framework */ = {isa = PBXFileReference; lastKnownFileType = wrapper.framework; name = Foundation.framework; path = System/Library/Frameworks/Foundation.framework; sourceTree = SDKROOT; };
		0F596D84166761330093DDE7 /* CoreGraphics.framework */ = {isa = PBXFileReference; lastKnownFileType = wrapper.framework; name = CoreGraphics.framework; path = System/Library/Frameworks/CoreGraphics.framework; sourceTree = SDKROOT; };
		0F596D88166761330093DDE7 /* ll-Info.plist */ = {isa = PBXFileReference; lastKnownFileType = text.plist.xml; path = "ll-Info.plist"; sourceTree = "<group>"; };
		0F596D8A166761330093DDE7 /* en */ = {isa = PBXFileReference; lastKnownFileType = text.plist.strings; name = en; path = en.lproj/InfoPlist.strings; sourceTree = "<group>"; };
		0F596D8C166761330093DDE7 /* main.m */ = {isa = PBXFileReference; lastKnownFileType = sourcecode.c.objc; path = main.m; sourceTree = "<group>"; };
		0F596D8E166761330093DDE7 /* ll-Prefix.pch */ = {isa = PBXFileReference; lastKnownFileType = sourcecode.c.h; path = "ll-Prefix.pch"; sourceTree = "<group>"; };
		0F596D8F166761330093DDE7 /* AppDelegate.h */ = {isa = PBXFileReference; lastKnownFileType = sourcecode.c.h; path = AppDelegate.h; sourceTree = "<group>"; };
		0F596D90166761330093DDE7 /* AppDelegate.m */ = {isa = PBXFileReference; lastKnownFileType = sourcecode.c.objc; path = AppDelegate.m; sourceTree = "<group>"; };
		0F596D92166761330093DDE7 /* Default.png */ = {isa = PBXFileReference; lastKnownFileType = image.png; path = Default.png; sourceTree = "<group>"; };
		0F596D94166761330093DDE7 /* Default@2x.png */ = {isa = PBXFileReference; lastKnownFileType = image.png; path = "Default@2x.png"; sourceTree = "<group>"; };
		0F596D96166761330093DDE7 /* Default-568h@2x.png */ = {isa = PBXFileReference; lastKnownFileType = image.png; path = "Default-568h@2x.png"; sourceTree = "<group>"; };
/* End PBXFileReference section */

/* Begin PBXFrameworksBuildPhase section */
		0F596D79166761330093DDE7 /* Frameworks */ = {
			isa = PBXFrameworksBuildPhase;
			buildActionMask = 2147483647;
			files = (
				0F596D81166761330093DDE7 /* UIKit.framework in Frameworks */,
				0F596D83166761330093DDE7 /* Foundation.framework in Frameworks */,
				0F596D85166761330093DDE7 /* CoreGraphics.framework in Frameworks */,
			);
			runOnlyForDeploymentPostprocessing = 0;
		};
/* End PBXFrameworksBuildPhase section */

/* Begin PBXGroup section */
		0F596D71166761330093DDE7 = {
			isa = PBXGroup;
			children = (
				0F596D86166761330093DDE7 /* ll */,
				0F596D7F166761330093DDE7 /* Frameworks */,
				0F596D7D166761330093DDE7 /* Products */,
			);
			sourceTree = "<group>";
		};
		0F596D7D166761330093DDE7 /* Products */ = {
			isa = PBXGroup;
			children = (
				0F596D7C166761330093DDE7 /* ll.app */,
			);
			name = Products;
			sourceTree = "<group>";
		};
		0F596D7F166761330093DDE7 /* Frameworks */ = {
			isa = PBXGroup;
			children = (
				0F596D80166761330093DDE7 /* UIKit.framework */,
				0F596D82166761330093DDE7 /* Foundation.framework */,
				0F596D84166761330093DDE7 /* CoreGraphics.framework */,
			);
			name = Frameworks;
			sourceTree = "<group>";
		};
		0F596D86166761330093DDE7 /* ll */ = {
			isa = PBXGroup;
			children = (
				0F596D8F166761330093DDE7 /* AppDelegate.h */,
				0F596D90166761330093DDE7 /* AppDelegate.m */,
				0F596D87166761330093DDE7 /* Supporting Files */,
			);
			path = ll;
			sourceTree = "<group>";
		};
		0F596D87166761330093DDE7 /* Supporting Files */ = {
			isa = PBXGroup;
			children = (
				0F596D88166761330093DDE7 /* ll-Info.plist */,
				0F596D89166761330093DDE7 /* InfoPlist.strings */,
				0F596D8C166761330093DDE7 /* main.m */,
				0F596D8E166761330093DDE7 /* ll-Prefix.pch */,
				0F596D92166761330093DDE7 /* Default.png */,
				0F596D94166761330093DDE7 /* Default@2x.png */,
				0F596D96166761330093DDE7 /* Default-568h@2x.png */,
			);
			name = "Supporting Files";
			sourceTree = "<group>";
		};
/* End PBXGroup section */

/* Begin PBXNativeTarget section */
		0F596D7B166761330093DDE7 /* ll */ = {
			isa = PBXNativeTarget;
			buildConfigurationList = 0F596D9A166761330093DDE7 /* Build configuration list for PBXNativeTarget "ll" */;
			buildPhases = (
				0F596D78166761330093DDE7 /* Sources */,
				0F596D79166761330093DDE7 /* Frameworks */,
				0F596D7A166761330093DDE7 /* Resources */,
			);
			buildRules = (
			);
			dependencies = (
			);
			name = ll;
			productName = ll;
			productReference = 0F596D7C166761330093DDE7 /* ll.app */;
			productType = "com.apple.product-type.application";
		};
/* End PBXNativeTarget section */

/* Begin PBXProject section */
		0F596D73166761330093DDE7 /* Project object */ = {
			isa = PBXProject;
			attributes = {
				LastUpgradeCheck = 0450;
				ORGANIZATIONNAME = lijunlong;
			};
			buildConfigurationList = 0F596D76166761330093DDE7 /* Build configuration list for PBXProject "ll" */;
			compatibilityVersion = "Xcode 3.2";
			developmentRegion = English;
			hasScannedForEncodings = 0;
			knownRegions = (
				en,
			);
			mainGroup = 0F596D71166761330093DDE7;
			productRefGroup = 0F596D7D166761330093DDE7 /* Products */;
			projectDirPath = "";
			projectRoot = "";
			targets = (
				0F596D7B166761330093DDE7 /* ll */,
			);
		};
/* End PBXProject section */

/* Begin PBXResourcesBuildPhase section */
		0F596D7A166761330093DDE7 /* Resources */ = {
			isa = PBXResourcesBuildPhase;
			buildActionMask = 2147483647;
			files = (
				0F596D8B166761330093DDE7 /* InfoPlist.strings in Resources */,
				0F596D93166761330093DDE7 /* Default.png in Resources */,
				0F596D95166761330093DDE7 /* Default@2x.png in Resources */,
				0F596D97166761330093DDE7 /* Default-568h@2x.png in Resources */,
			);
			runOnlyForDeploymentPostprocessing = 0;
		};
/* End PBXResourcesBuildPhase section */

/* Begin PBXSourcesBuildPhase section */
		0F596D78166761330093DDE7 /* Sources */ = {
			isa = PBXSourcesBuildPhase;
			buildActionMask = 2147483647;
			files = (
				0F596D8D166761330093DDE7 /* main.m in Sources */,
				0F596D91166761330093DDE7 /* AppDelegate.m in Sources */,
			);
			runOnlyForDeploymentPostprocessing = 0;
		};
/* End PBXSourcesBuildPhase section */

/* Begin PBXVariantGroup section */
		0F596D89166761330093DDE7 /* InfoPlist.strings */ = {
			isa = PBXVariantGroup;
			children = (
				0F596D8A166761330093DDE7 /* en */,
			);
			name = InfoPlist.strings;
			sourceTree = "<group>";
		};
/* End PBXVariantGroup section */

/* Begin XCBuildConfiguration section */
		0F596D98166761330093DDE7 /* Debug */ = {
			isa = XCBuildConfiguration;
			buildSettings = {
				ALWAYS_SEARCH_USER_PATHS = NO;
				CLANG_CXX_LANGUAGE_STANDARD = "gnu++0x";
				CLANG_CXX_LIBRARY = "libc++";
				CLANG_WARN_EMPTY_BODY = YES;
				CLANG_WARN__DUPLICATE_METHOD_MATCH = YES;
				"CODE_SIGN_IDENTITY[sdk=iphoneos*]" = "iPhone Developer";
				COPY_PHASE_STRIP = NO;
				GCC_C_LANGUAGE_STANDARD = gnu99;
				GCC_DYNAMIC_NO_PIC = NO;
				GCC_OPTIMIZATION_LEVEL = 0;
				GCC_PREPROCESSOR_DEFINITIONS = (
					"DEBUG=1",
					"$(inherited)",
				);
				GCC_SYMBOLS_PRIVATE_EXTERN = NO;
				GCC_WARN_ABOUT_RETURN_TYPE = YES;
				GCC_WARN_UNINITIALIZED_AUTOS = YES;
				GCC_WARN_UNUSED_VARIABLE = YES;
				IPHONEOS_DEPLOYMENT_TARGET = 6.0;
				ONLY_ACTIVE_ARCH = YES;
				SDKROOT = iphoneos;
				TARGETED_DEVICE_FAMILY = "1,2";
			};
			name = Debug;
		};
		0F596D99166761330093DDE7 /* Release */ = {
			isa = XCBuildConfiguration;
			buildSettings = {
				ALWAYS_SEARCH_USER_PATHS = NO;
				CLANG_CXX_LANGUAGE_STANDARD = "gnu++0x";
				CLANG_CXX_LIBRARY = "libc++";
				CLANG_WARN_EMPTY_BODY = YES;
				CLANG_WARN__DUPLICATE_METHOD_MATCH = YES;
				"CODE_SIGN_IDENTITY[sdk=iphoneos*]" = "iPhone Developer";
				COPY_PHASE_STRIP = YES;
				GCC_C_LANGUAGE_STANDARD = gnu99;
				GCC_WARN_ABOUT_RETURN_TYPE = YES;
				GCC_WARN_UNINITIALIZED_AUTOS = YES;
				GCC_WARN_UNUSED_VARIABLE = YES;
				IPHONEOS_DEPLOYMENT_TARGET = 6.0;
				OTHER_CFLAGS = "-DNS_BLOCK_ASSERTIONS=1";
				SDKROOT = iphoneos;
				TARGETED_DEVICE_FAMILY = "1,2";
				VALIDATE_PRODUCT = YES;
			};
			name = Release;
		};
		0F596D9B166761330093DDE7 /* Debug */ = {
			isa = XCBuildConfiguration;
			buildSettings = {
				GCC_PRECOMPILE_PREFIX_HEADER = YES;
				GCC_PREFIX_HEADER = "ll/ll-Prefix.pch";
				INFOPLIST_FILE = "ll/ll-Info.plist";
				PRODUCT_NAME = "$(TARGET_NAME)";
				WRAPPER_EXTENSION = app;
			};
			name = Debug;
		};
		0F596D9C166761330093DDE7 /* Release */ = {
			isa = XCBuildConfiguration;
			buildSettings = {
				GCC_PRECOMPILE_PREFIX_HEADER = YES;
				GCC_PREFIX_HEADER = "ll/ll-Prefix.pch";
				INFOPLIST_FILE = "ll/ll-Info.plist";
				PRODUCT_NAME = "$(TARGET_NAME)";
				WRAPPER_EXTENSION = app;
			};
			name = Release;
		};
/* End XCBuildConfiguration section */

/* Begin XCConfigurationList section */
		0F596D76166761330093DDE7 /* Build configuration list for PBXProject "ll" */ = {
			isa = XCConfigurationList;
			buildConfigurations = (
				0F596D98166761330093DDE7 /* Debug */,
				0F596D99166761330093DDE7 /* Release */,
			);
			defaultConfigurationIsVisible = 0;
			defaultConfigurationName = Release;
		};
		0F596D9A166761330093DDE7 /* Build configuration list for PBXNativeTarget "ll" */ = {
			isa = XCConfigurationList;
			buildConfigurations = (
				0F596D9B166761330093DDE7 /* Debug */,
				0F596D9C166761330093DDE7 /* Release */,
			);
			defaultConfigurationIsVisible = 0;
		};
/* End XCConfigurationList section */
	};
	rootObject = 0F596D73166761330093DDE7 /* Project object */;
}
